{
  "name": "@autorest/bicep",
  "version": "1.0.0",
  "lockfileVersion": 2,
  "requires": true,
  "packages": {
    "": {
      "name": "@autorest/bicep",
      "version": "1.0.0",
      "dependencies": {
        "@autorest/codemodel": "^4.17.0",
        "@autorest/extension-base": "^3.3.2",
        "@types/lodash": "^4.14.176",
        "autorest": "^3.4.2",
        "lodash": "^4.17.21"
      },
      "devDependencies": {
        "@types/node": "^16.11.6",
        "typescript": "^4.4.4"
      }
    },
    "node_modules/@autorest/codemodel": {
      "version": "4.17.0",
      "resolved": "https://registry.npmjs.org/@autorest/codemodel/-/codemodel-4.17.0.tgz",
      "integrity": "sha512-Xu3uBvC6k6ktHLa7u9Uc07BB7Dy3mP9mJzGx1BbpRn5FpZTYD/Yrjf8sLrdY6mf3FhH3tlCfcepyMV8tXO9pyg==",
      "dependencies": {
        "@azure-tools/codegen": "~2.7.0",
        "js-yaml": "~4.0.0"
      },
      "engines": {
        "node": ">=12.0.0"
      }
    },
    "node_modules/@autorest/extension-base": {
      "version": "3.3.2",
      "resolved": "https://registry.npmjs.org/@autorest/extension-base/-/extension-base-3.3.2.tgz",
      "integrity": "sha512-kBTusd0GvjmBhN3NypCm/WxpmIxZL2/qCfI5sIYz7ICl7BW6LCGpM3yO1MBQY/pC3VGUT/ypzeW8+X691uh7fA==",
      "dependencies": {
        "@azure-tools/codegen": "~2.8.0",
        "js-yaml": "~4.0.0",
        "vscode-jsonrpc": "^3.5.0"
      },
      "engines": {
        "node": ">=12.0.0"
      }
    },
    "node_modules/@autorest/extension-base/node_modules/@azure-tools/codegen": {
      "version": "2.8.0",
      "resolved": "https://registry.npmjs.org/@azure-tools/codegen/-/codegen-2.8.0.tgz",
      "integrity": "sha512-HzIWjWzzjCAiUr8uXH1EfeCiC9Gln5YPTbJyfPQCBQeXAQIMRFo1IabFnBXhJpuRl7R11vpt4THELydYZLbalw==",
      "dependencies": {
        "@azure-tools/async-io": "~3.0.0",
        "js-yaml": "~4.0.0",
        "semver": "^5.5.1"
      },
      "engines": {
        "node": ">=12.0.0"
      }
    },
    "node_modules/@azure-tools/async-io": {
      "version": "3.0.254",
      "resolved": "https://registry.npmjs.org/@azure-tools/async-io/-/async-io-3.0.254.tgz",
      "integrity": "sha512-X1C7XdyCuo50ch9FzKtTvmK18FgDxxf1Bbt3cSoknQqeDaRegHSSCO+zByq2YA4NvUzKXeZ1engh29IDxZXgpQ==",
      "dependencies": {
        "@azure-tools/tasks": "~3.0.255",
        "proper-lockfile": "~2.0.1"
      },
      "engines": {
        "node": ">=10.12.0"
      }
    },
    "node_modules/@azure-tools/codegen": {
      "version": "2.7.0",
      "resolved": "https://registry.npmjs.org/@azure-tools/codegen/-/codegen-2.7.0.tgz",
      "integrity": "sha512-OP83pnc8QMNPnlai+UDTG9E2YR833tHEIFebVULB72ZHLDH8pCnSMHN4VOAgwV75L0kCHG3f5VUYohOzCyt7Rg==",
      "dependencies": {
        "@azure-tools/async-io": "~3.0.0",
        "js-yaml": "~4.0.0",
        "semver": "^5.5.1"
      },
      "engines": {
        "node": ">=12.0.0"
      }
    },
    "node_modules/@azure-tools/tasks": {
      "version": "3.0.255",
      "resolved": "https://registry.npmjs.org/@azure-tools/tasks/-/tasks-3.0.255.tgz",
      "integrity": "sha512-GjALNLz7kWMEdRVbaN5g0cJHNAr3XVTbP0611Mv2UzMgGL6FOhNZJK+oPHJKLDR8EEDZNnkwPlyi7B+INXUSQA==",
      "engines": {
        "node": ">=10.12.0"
      }
    },
    "node_modules/@types/lodash": {
      "version": "4.14.176",
      "resolved": "https://registry.npmjs.org/@types/lodash/-/lodash-4.14.176.tgz",
      "integrity": "sha512-xZmuPTa3rlZoIbtDUyJKZQimJV3bxCmzMIO2c9Pz9afyDro6kr7R79GwcB6mRhuoPmV2p1Vb66WOJH7F886WKQ=="
    },
    "node_modules/@types/node": {
      "version": "16.11.6",
      "resolved": "https://registry.npmjs.org/@types/node/-/node-16.11.6.tgz",
      "integrity": "sha512-ua7PgUoeQFjmWPcoo9khiPum3Pd60k4/2ZGXt18sm2Slk0W0xZTqt5Y0Ny1NyBiN1EVQ/+FaF9NcY4Qe6rwk5w==",
      "dev": true
    },
    "node_modules/argparse": {
      "version": "2.0.1",
      "resolved": "https://registry.npmjs.org/argparse/-/argparse-2.0.1.tgz",
      "integrity": "sha512-8+9WqebbFzpX9OR+Wa6O29asIogeRMzcGtAINdpMHHyAg10f05aSFVBbcEqGf/PXw1EjAZ+q2/bEBg3DvurK3Q=="
    },
    "node_modules/autorest": {
      "version": "3.4.2",
      "resolved": "https://registry.npmjs.org/autorest/-/autorest-3.4.2.tgz",
      "integrity": "sha512-CCYRCScCz+IgEE5apSWvBonM8qFUjbIiTsea46ydHOuVlyRKyHUsJBFtaJIQ8Yq3j5ksNrevDqhRWCnR3q02gA==",
      "hasInstallScript": true,
      "bin": {
        "autorest": "entrypoints/app.js"
      },
      "engines": {
        "node": ">=12.0.0"
      }
    },
    "node_modules/graceful-fs": {
      "version": "4.2.6",
      "resolved": "https://registry.npmjs.org/graceful-fs/-/graceful-fs-4.2.6.tgz",
      "integrity": "sha512-nTnJ528pbqxYanhpDYsi4Rd8MAeaBA67+RZ10CM1m3bTAVFEDcd5AuA4a6W5YkGZ1iNXHzZz8T6TBKLeBuNriQ=="
    },
    "node_modules/js-yaml": {
      "version": "4.0.0",
      "resolved": "https://registry.npmjs.org/js-yaml/-/js-yaml-4.0.0.tgz",
      "integrity": "sha512-pqon0s+4ScYUvX30wxQi3PogGFAlUyH0awepWvwkj4jD4v+ova3RiYw8bmA6x2rDrEaj8i/oWKoRxpVNW+Re8Q==",
      "dependencies": {
        "argparse": "^2.0.1"
      },
      "bin": {
        "js-yaml": "bin/js-yaml.js"
      }
    },
    "node_modules/lodash": {
      "version": "4.17.21",
      "resolved": "https://registry.npmjs.org/lodash/-/lodash-4.17.21.tgz",
      "integrity": "sha512-v2kDEe57lecTulaDIuNTPy3Ry4gLGJ6Z1O3vE1krgXZNrsQ+LFTGHVxVjcXPs17LhbZVGedAJv8XZ1tvj5FvSg=="
    },
    "node_modules/proper-lockfile": {
      "version": "2.0.1",
      "resolved": "https://registry.npmjs.org/proper-lockfile/-/proper-lockfile-2.0.1.tgz",
      "integrity": "sha1-FZ+wYZPTIAP0s2kd0uwaY0qoDR0=",
      "dependencies": {
        "graceful-fs": "^4.1.2",
        "retry": "^0.10.0"
      },
      "engines": {
        "node": ">=4.0.0"
      }
    },
    "node_modules/retry": {
      "version": "0.10.1",
      "resolved": "https://registry.npmjs.org/retry/-/retry-0.10.1.tgz",
      "integrity": "sha1-52OI0heZLCUnUCQdPTlW/tmNj/Q=",
      "engines": {
        "node": "*"
      }
    },
    "node_modules/semver": {
      "version": "5.7.1",
      "resolved": "https://registry.npmjs.org/semver/-/semver-5.7.1.tgz",
      "integrity": "sha512-sauaDf/PZdVgrLTNYHRtpXa1iRiKcaebiKQ1BJdpQlWH2lCvexQdX55snPFyK7QzpudqbCI0qXFfOasHdyNDGQ==",
      "bin": {
        "semver": "bin/semver"
      }
    },
    "node_modules/typescript": {
      "version": "4.4.4",
      "resolved": "https://registry.npmjs.org/typescript/-/typescript-4.4.4.tgz",
      "integrity": "sha512-DqGhF5IKoBl8WNf8C1gu8q0xZSInh9j1kJJMqT3a94w1JzVaBU4EXOSMrz9yDqMT0xt3selp83fuFMQ0uzv6qA==",
      "dev": true,
      "bin": {
        "tsc": "bin/tsc",
        "tsserver": "bin/tsserver"
      },
      "engines": {
        "node": ">=4.2.0"
      }
    },
    "node_modules/vscode-jsonrpc": {
      "version": "3.6.2",
      "resolved": "https://registry.npmjs.org/vscode-jsonrpc/-/vscode-jsonrpc-3.6.2.tgz",
      "integrity": "sha512-T24Jb5V48e4VgYliUXMnZ379ItbrXgOimweKaJshD84z+8q7ZOZjJan0MeDe+Ugb+uqERDVV8SBmemaGMSMugA==",
      "engines": {
        "node": ">=4.0.0 || >=6.0.0"
      }
    }
  },
  "dependencies": {
    "@autorest/codemodel": {
      "version": "4.17.0",
      "resolved": "https://registry.npmjs.org/@autorest/codemodel/-/codemodel-4.17.0.tgz",
      "integrity": "sha512-Xu3uBvC6k6ktHLa7u9Uc07BB7Dy3mP9mJzGx1BbpRn5FpZTYD/Yrjf8sLrdY6mf3FhH3tlCfcepyMV8tXO9pyg==",
      "requires": {
        "@azure-tools/codegen": "~2.7.0",
        "js-yaml": "~4.0.0"
      }
    },
    "@autorest/extension-base": {
      "version": "3.3.2",
      "resolved": "https://registry.npmjs.org/@autorest/extension-base/-/extension-base-3.3.2.tgz",
      "integrity": "sha512-kBTusd0GvjmBhN3NypCm/WxpmIxZL2/qCfI5sIYz7ICl7BW6LCGpM3yO1MBQY/pC3VGUT/ypzeW8+X691uh7fA==",
      "requires": {
        "@azure-tools/codegen": "~2.8.0",
        "js-yaml": "~4.0.0",
        "vscode-jsonrpc": "^3.5.0"
      },
      "dependencies": {
        "@azure-tools/codegen": {
          "version": "2.8.0",
          "resolved": "https://registry.npmjs.org/@azure-tools/codegen/-/codegen-2.8.0.tgz",
          "integrity": "sha512-HzIWjWzzjCAiUr8uXH1EfeCiC9Gln5YPTbJyfPQCBQeXAQIMRFo1IabFnBXhJpuRl7R11vpt4THELydYZLbalw==",
          "requires": {
            "@azure-tools/async-io": "~3.0.0",
            "js-yaml": "~4.0.0",
            "semver": "^5.5.1"
          }
        }
      }
    },
    "@azure-tools/async-io": {
      "version": "3.0.254",
      "resolved": "https://registry.npmjs.org/@azure-tools/async-io/-/async-io-3.0.254.tgz",
      "integrity": "sha512-X1C7XdyCuo50ch9FzKtTvmK18FgDxxf1Bbt3cSoknQqeDaRegHSSCO+zByq2YA4NvUzKXeZ1engh29IDxZXgpQ==",
      "requires": {
        "@azure-tools/tasks": "~3.0.255",
        "proper-lockfile": "~2.0.1"
      }
    },
    "@azure-tools/codegen": {
      "version": "2.7.0",
      "resolved": "https://registry.npmjs.org/@azure-tools/codegen/-/codegen-2.7.0.tgz",
      "integrity": "sha512-OP83pnc8QMNPnlai+UDTG9E2YR833tHEIFebVULB72ZHLDH8pCnSMHN4VOAgwV75L0kCHG3f5VUYohOzCyt7Rg==",
      "requires": {
        "@azure-tools/async-io": "~3.0.0",
        "js-yaml": "~4.0.0",
        "semver": "^5.5.1"
      }
    },
    "@azure-tools/tasks": {
      "version": "3.0.255",
      "resolved": "https://registry.npmjs.org/@azure-tools/tasks/-/tasks-3.0.255.tgz",
      "integrity": "sha512-GjALNLz7kWMEdRVbaN5g0cJHNAr3XVTbP0611Mv2UzMgGL6FOhNZJK+oPHJKLDR8EEDZNnkwPlyi7B+INXUSQA=="
    },
    "@types/lodash": {
      "version": "4.14.176",
      "resolved": "https://registry.npmjs.org/@types/lodash/-/lodash-4.14.176.tgz",
      "integrity": "sha512-xZmuPTa3rlZoIbtDUyJKZQimJV3bxCmzMIO2c9Pz9afyDro6kr7R79GwcB6mRhuoPmV2p1Vb66WOJH7F886WKQ=="
    },
    "@types/node": {
      "version": "16.11.6",
      "resolved": "https://registry.npmjs.org/@types/node/-/node-16.11.6.tgz",
      "integrity": "sha512-ua7PgUoeQFjmWPcoo9khiPum3Pd60k4/2ZGXt18sm2Slk0W0xZTqt5Y0Ny1NyBiN1EVQ/+FaF9NcY4Qe6rwk5w==",
      "dev": true
    },
    "argparse": {
      "version": "2.0.1",
      "resolved": "https://registry.npmjs.org/argparse/-/argparse-2.0.1.tgz",
      "integrity": "sha512-8+9WqebbFzpX9OR+Wa6O29asIogeRMzcGtAINdpMHHyAg10f05aSFVBbcEqGf/PXw1EjAZ+q2/bEBg3DvurK3Q=="
    },
    "autorest": {
      "version": "3.4.2",
      "resolved": "https://registry.npmjs.org/autorest/-/autorest-3.4.2.tgz",
      "integrity": "sha512-CCYRCScCz+IgEE5apSWvBonM8qFUjbIiTsea46ydHOuVlyRKyHUsJBFtaJIQ8Yq3j5ksNrevDqhRWCnR3q02gA=="
    },
    "graceful-fs": {
      "version": "4.2.6",
      "resolved": "https://registry.npmjs.org/graceful-fs/-/graceful-fs-4.2.6.tgz",
      "integrity": "sha512-nTnJ528pbqxYanhpDYsi4Rd8MAeaBA67+RZ10CM1m3bTAVFEDcd5AuA4a6W5YkGZ1iNXHzZz8T6TBKLeBuNriQ=="
    },
    "js-yaml": {
      "version": "4.0.0",
      "resolved": "https://registry.npmjs.org/js-yaml/-/js-yaml-4.0.0.tgz",
      "integrity": "sha512-pqon0s+4ScYUvX30wxQi3PogGFAlUyH0awepWvwkj4jD4v+ova3RiYw8bmA6x2rDrEaj8i/oWKoRxpVNW+Re8Q==",
      "requires": {
        "argparse": "^2.0.1"
      }
    },
    "lodash": {
      "version": "4.17.21",
      "resolved": "https://registry.npmjs.org/lodash/-/lodash-4.17.21.tgz",
      "integrity": "sha512-v2kDEe57lecTulaDIuNTPy3Ry4gLGJ6Z1O3vE1krgXZNrsQ+LFTGHVxVjcXPs17LhbZVGedAJv8XZ1tvj5FvSg=="
    },
    "proper-lockfile": {
      "version": "2.0.1",
      "resolved": "https://registry.npmjs.org/proper-lockfile/-/proper-lockfile-2.0.1.tgz",
      "integrity": "sha1-FZ+wYZPTIAP0s2kd0uwaY0qoDR0=",
      "requires": {
        "graceful-fs": "^4.1.2",
        "retry": "^0.10.0"
      }
    },
    "retry": {
      "version": "0.10.1",
      "resolved": "https://registry.npmjs.org/retry/-/retry-0.10.1.tgz",
      "integrity": "sha1-52OI0heZLCUnUCQdPTlW/tmNj/Q="
    },
    "semver": {
      "version": "5.7.1",
      "resolved": "https://registry.npmjs.org/semver/-/semver-5.7.1.tgz",
      "integrity": "sha512-sauaDf/PZdVgrLTNYHRtpXa1iRiKcaebiKQ1BJdpQlWH2lCvexQdX55snPFyK7QzpudqbCI0qXFfOasHdyNDGQ=="
    },
    "typescript": {
      "version": "4.4.4",
      "resolved": "https://registry.npmjs.org/typescript/-/typescript-4.4.4.tgz",
      "integrity": "sha512-DqGhF5IKoBl8WNf8C1gu8q0xZSInh9j1kJJMqT3a94w1JzVaBU4EXOSMrz9yDqMT0xt3selp83fuFMQ0uzv6qA==",
      "dev": true
    },
    "vscode-jsonrpc": {
      "version": "3.6.2",
      "resolved": "https://registry.npmjs.org/vscode-jsonrpc/-/vscode-jsonrpc-3.6.2.tgz",
      "integrity": "sha512-T24Jb5V48e4VgYliUXMnZ379ItbrXgOimweKaJshD84z+8q7ZOZjJan0MeDe+Ugb+uqERDVV8SBmemaGMSMugA=="
    }
  }
}
