
Microsoft Visual Studio Solution File, Format Version 12.00
# Visual Studio Version 17
VisualStudioVersion = 17.11.35327.3
MinimumVisualStudioVersion = 15.0.26124.0
Project("{9A19103F-16F7-4668-BE54-9A1E7A4F7556}") = "Bicep.Types.Az", "src\Bicep.Types.Az\Bicep.Types.Az.csproj", "{93159227-767E-4A3F-98A4-143FE6081198}"
EndProject
Project("{9A19103F-16F7-4668-BE54-9A1E7A4F7556}") = "Bicep.Types.Az.UnitTests", "src\Bicep.Types.Az.UnitTests\Bicep.Types.Az.UnitTests.csproj", "{F63447B8-2EC0-4C49-8E99-FF135275ECDF}"
EndProject
Project("{2150E333-8FDC-42A3-9474-1A3956D46DE8}") = "src", "src", "{72C40400-136A-462C-B0A2-107A57E3092C}"
EndProject
Project("{2150E333-8FDC-42A3-9474-1A3956D46DE8}") = "generator", "generator", "{1DE3722A-29C6-4C09-8439-21D0324F9C71}"
EndProject
Project("{2150E333-8FDC-42A3-9474-1A3956D46DE8}") = "src", "src", "{BFE13642-B71E-438B-9298-B87AB5F06054}"
EndProject
Global
	GlobalSection(SolutionConfigurationPlatforms) = preSolution
		Debug|Any CPU = Debug|Any CPU
		Release|Any CPU = Release|Any CPU
	EndGlobalSection
	GlobalSection(ProjectConfigurationPlatforms) = postSolution
		{93159227-767E-4A3F-98A4-143FE6081198}.Debug|Any CPU.ActiveCfg = Debug|Any CPU
		{93159227-767E-4A3F-98A4-143FE6081198}.Debug|Any CPU.Build.0 = Debug|Any CPU
		{93159227-767E-4A3F-98A4-143FE6081198}.Release|Any CPU.ActiveCfg = Release|Any CPU
		{93159227-767E-4A3F-98A4-143FE6081198}.Release|Any CPU.Build.0 = Release|Any CPU
		{F63447B8-2EC0-4C49-8E99-FF135275ECDF}.Debug|Any CPU.ActiveCfg = Debug|Any CPU
		{F63447B8-2EC0-4C49-8E99-FF135275ECDF}.Debug|Any CPU.Build.0 = Debug|Any CPU
		{F63447B8-2EC0-4C49-8E99-FF135275ECDF}.Release|Any CPU.ActiveCfg = Release|Any CPU
		{F63447B8-2EC0-4C49-8E99-FF135275ECDF}.Release|Any CPU.Build.0 = Release|Any CPU
	EndGlobalSection
	GlobalSection(SolutionProperties) = preSolution
		HideSolutionNode = FALSE
	EndGlobalSection
	GlobalSection(NestedProjects) = preSolution
		{1DE3722A-29C6-4C09-8439-21D0324F9C71} = {72C40400-136A-462C-B0A2-107A57E3092C}
		{BFE13642-B71E-438B-9298-B87AB5F06054} = {1DE3722A-29C6-4C09-8439-21D0324F9C71}
	EndGlobalSection
	GlobalSection(ExtensibilityGlobals) = postSolution
		SolutionGuid = {C4E85544-D311-47E7-BF1F-1B5C152ACADA}
	EndGlobalSection
EndGlobal
