{
  "version": 1,
  "dependencies": {
    "net8.0": {
      "coverlet.collector": {
        "type": "Direct",
        "requested": "[6.0.4, )",
        "resolved": "6.0.4",
        "contentHash": "lkhqpF8Pu2Y7IiN7OntbsTtdbpR1syMsm2F3IgX6ootA4ffRqWL5jF7XipHuZQTdVuWG/gVAAcf8mjk8Tz0xPg=="
      },
      "FluentAssertions": {
        "type": "Direct",
        "requested": "[8.0.1, )",
        "resolved": "8.0.1",
        "contentHash": "IW5CdXiD4BIijMkJsEajhkQr7HSgzoxZBHp77b4tm8isCKGaDH2AGugW6DLS0/EPhO/MCZ2JOGg6ObdlKISJMg=="
      },
      "Microsoft.NET.Test.Sdk": {
        "type": "Direct",
        "requested": "[17.12.0, )",
        "resolved": "17.12.0",
        "contentHash": "kt/PKBZ91rFCWxVIJZSgVLk+YR+4KxTuHf799ho8WNiK5ZQpJNAEZCAWX86vcKrs+DiYjiibpYKdGZP6+/N17w==",
        "dependencies": {
          "Microsoft.CodeCoverage": "17.12.0",
          "Microsoft.TestPlatform.TestHost": "17.12.0"
        }
      },
      "Microsoft.SourceLink.GitHub": {
        "type": "Direct",
        "requested": "[8.0.0, )",
        "resolved": "8.0.0",
        "contentHash": "G5q7OqtwIyGTkeIOAc3u2ZuV/kicQaec5EaRnc0pIeSnh9LUjj+PYQrJYBURvDt7twGl2PKA7nSN0kz1Zw5bnQ==",
        "dependencies": {
          "Microsoft.Build.Tasks.Git": "8.0.0",
          "Microsoft.SourceLink.Common": "8.0.0"
        }
      },
      "MSTest.TestAdapter": {
        "type": "Direct",
        "requested": "[3.7.2, )",
        "resolved": "3.7.2",
        "contentHash": "VA2pLWezR1hJd6rqP9xAD3j4brrc5c2qc5UDMLBBFYdB9jdXu+9WkhcUWsmt7WziwWZwqcytHCCDz4Qufs3cEQ==",
        "dependencies": {
          "Microsoft.Testing.Extensions.VSTestBridge": "1.5.2",
          "Microsoft.Testing.Platform.MSBuild": "1.5.2"
        }
      },
      "MSTest.TestFramework": {
        "type": "Direct",
        "requested": "[3.7.2, )",
        "resolved": "3.7.2",
        "contentHash": "sc31bOL0LkoetSMfzqe9vliIzLuKAfFD0AP2aeKcacOC105PYn7K70qOPGZWWeRYmlIM7GogXnuLbiw8rdaIig==",
        "dependencies": {
          "MSTest.Analyzers": "3.7.2"
        }
      },
      "Nerdbank.GitVersioning": {
        "type": "Direct",
        "requested": "[3.7.115, )",
        "resolved": "3.7.115",
        "contentHash": "EpXamaAdRfG/BMxGgvZlTM0npRnkmXUjAj8OdNKd17t4oN+2nvjdv/KnFmzOOMDqvlwB49UCwtOHJrAQTfUBtQ=="
      },
      "Azure.Bicep.Types": {
        "type": "Transitive",
        "resolved": "0.5.110",
        "contentHash": "TDnw+a21qLw5Q89FxhZZYuNBIMCiT0n4Eq+bfpgrKn7vjHSyVKOc/3ipKsqHkifHqGEXx3++DY23FC8PmKHg7Q==",
        "dependencies": {
          "System.Text.Json": "8.0.5"
        }
      },
      "Microsoft.ApplicationInsights": {
        "type": "Transitive",
        "resolved": "2.22.0",
        "contentHash": "3AOM9bZtku7RQwHyMEY3tQMrHIgjcfRDa6YQpd/QG2LDGvMydSlL9Di+8LLMt7J2RDdfJ7/2jdYv6yHcMJAnNw==",
        "dependencies": {
          "System.Diagnostics.DiagnosticSource": "5.0.0"
        }
      },
      "Microsoft.Build.Tasks.Git": {
        "type": "Transitive",
        "resolved": "8.0.0",
        "contentHash": "bZKfSIKJRXLTuSzLudMFte/8CempWjVamNUR5eHJizsy+iuOuO/k2gnh7W0dHJmYY0tBf+gUErfluCv5mySAOQ=="
      },
      "Microsoft.CodeCoverage": {
        "type": "Transitive",
        "resolved": "17.12.0",
        "contentHash": "4svMznBd5JM21JIG2xZKGNanAHNXplxf/kQDFfLHXQ3OnpJkayRK/TjacFjA+EYmoyuNXHo/sOETEfcYtAzIrA=="
      },
      "Microsoft.SourceLink.Common": {
        "type": "Transitive",
        "resolved": "8.0.0",
        "contentHash": "dk9JPxTCIevS75HyEQ0E4OVAFhB2N+V9ShCXf8Q6FkUQZDkgLI12y679Nym1YqsiSysuQskT7Z+6nUf3yab6Vw=="
      },
      "Microsoft.Testing.Extensions.Telemetry": {
        "type": "Transitive",
        "resolved": "1.5.2",
        "contentHash": "13K4Xs7CCRs9ZKzTZSdReuSwOkVUVPBskQmGw6s+027DEM4N4DbDl9Jq9p+zC+IxGKT5C66ZcKRd9X91pVPt5g==",
        "dependencies": {
          "Microsoft.ApplicationInsights": "2.22.0",
          "Microsoft.Testing.Platform": "1.5.2"
        }
      },
      "Microsoft.Testing.Extensions.TrxReport.Abstractions": {
        "type": "Transitive",
        "resolved": "1.5.2",
        "contentHash": "kaW+BhcsX9NxzF8ty3nyvdux+MNWclaunoE4+mjOrYfIIinl9SGTlM1hOeMofyWPddLzlj3CnZJMuRptCiDZ9w==",
        "dependencies": {
          "Microsoft.Testing.Platform": "1.5.2"
        }
      },
      "Microsoft.Testing.Extensions.VSTestBridge": {
        "type": "Transitive",
        "resolved": "1.5.2",
        "contentHash": "VUyHa+Md93xwrdedTHYy0TQt/TPJAHUhiJxvs7j4TJY5bE0DgSfubNd/in48j008oGyUiNUDrJx9EiFaLqBAsg==",
        "dependencies": {
          "Microsoft.ApplicationInsights": "2.22.0",
          "Microsoft.TestPlatform.ObjectModel": "17.12.0",
          "Microsoft.Testing.Extensions.Telemetry": "1.5.2",
          "Microsoft.Testing.Extensions.TrxReport.Abstractions": "1.5.2",
          "Microsoft.Testing.Platform": "1.5.2"
        }
      },
      "Microsoft.Testing.Platform": {
        "type": "Transitive",
        "resolved": "1.5.2",
        "contentHash": "IcBrO3WAs+TK622oGSuaHJAn2Ru8b7o4kWjAbaiy2v4302x5qhYphwQ3BvKMK7e7P0fcSyQwq1IfYmrlplgq0w=="
      },
      "Microsoft.Testing.Platform.MSBuild": {
        "type": "Transitive",
        "resolved": "1.5.2",
        "contentHash": "vIZYqOjoeJ4Nf8h3zIQy03jkXeJZxw39I2+sZ2CoNZ4Jrdx8SAcGxJKETY/zbcmSuwSFVfPo/RwOnqVoa74TFg==",
        "dependencies": {
          "Microsoft.Testing.Platform": "1.5.2"
        }
      },
      "Microsoft.TestPlatform.ObjectModel": {
        "type": "Transitive",
        "resolved": "17.12.0",
        "contentHash": "TDqkTKLfQuAaPcEb3pDDWnh7b3SyZF+/W9OZvWFp6eJCIiiYFdSB6taE2I6tWrFw5ywhzOb6sreoGJTI6m3rSQ==",
        "dependencies": {
          "System.Reflection.Metadata": "1.6.0"
        }
      },
      "Microsoft.TestPlatform.TestHost": {
        "type": "Transitive",
        "resolved": "17.12.0",
        "contentHash": "MiPEJQNyADfwZ4pJNpQex+t9/jOClBGMiCiVVFuELCMSX2nmNfvUor3uFVxNNCg30uxDP8JDYfPnMXQzsfzYyg==",
        "dependencies": {
          "Microsoft.TestPlatform.ObjectModel": "17.12.0",
          "Newtonsoft.Json": "13.0.1"
        }
      },
      "MSTest.Analyzers": {
        "type": "Transitive",
        "resolved": "3.7.2",
        "contentHash": "gBMQazU/j4NxfTC32bWXp6aNd0+nYQlWxzRogrtNZ0B0hIGLtE1K8i5gMvf7zZfA2bwfTT9U7WVxtOIgiGjOYA=="
      },
      "Newtonsoft.Json": {
        "type": "Transitive",
        "resolved": "13.0.1",
        "contentHash": "ppPFpBcvxdsfUonNcvITKqLl3bqxWbDCZIzDWHzjpdAHRFfZe0Dw9HmA0+za13IdyrgJwpkDTDA9fHaxOrt20A=="
      },
      "System.Diagnostics.DiagnosticSource": {
        "type": "Transitive",
        "resolved": "5.0.0",
        "contentHash": "tCQTzPsGZh/A9LhhA6zrqCRV4hOHsK90/G7q3Khxmn6tnB1PuNU0cRaKANP2AWcF9bn0zsuOoZOSrHuJk6oNBA=="
      },
      "System.Reflection.Metadata": {
        "type": "Transitive",
        "resolved": "1.6.0",
        "contentHash": "COC1aiAJjCoA5GBF+QKL2uLqEBew4JsCkQmoHKbN3TlOZKa2fKLz5CpiRQKDz0RsAOEGsVKqOD5bomsXq/4STQ=="
      },
      "System.Text.Json": {
        "type": "Transitive",
        "resolved": "8.0.5",
        "contentHash": "0f1B50Ss7rqxXiaBJyzUu9bWFOO2/zSlifZ/UNMdiIpDYe4cY4LQQicP4nirK1OS31I43rn062UIJ1Q9bpmHpg=="
      },
      "Azure.Bicep.Types.Az": {
        "type": "Project",
        "dependencies": {
          "Azure.Bicep.Types": "[0.5.110, )"
        }
      }
    }
  }
}